// !$*UTF8*$!
{
	archiveVersion = 1;
	classes = {
	};
	objectVersion = 46;
	objects = {

/* Begin PBXBuildFile section */
		1B16C5171C3B5B2C0043C323 /* FriednsDynamicController.swift in Sources */ = {isa = PBXBuildFile; fileRef = 1B16C5161C3B5B2C0043C323 /* FriednsDynamicController.swift */; };
		1B16C5191C3B5BB50043C323 /* DynamicLineCell.swift in Sources */ = {isa = PBXBuildFile; fileRef = 1B16C5181C3B5BB50043C323 /* DynamicLineCell.swift */; };
		1B58279E1C20584200CBEC82 /* Podfile in Resources */ = {isa = PBXBuildFile; fileRef = 1B58279D1C20584200CBEC82 /* Podfile */; };
		1B587EC31C3BC10F0034E116 /* FriendsDynamicDataSourse.swift in Sources */ = {isa = PBXBuildFile; fileRef = 1B587EC21C3BC10F0034E116 /* FriendsDynamicDataSourse.swift */; };
		1B6E9F731C1F9E240089542C /* AppDelegate.swift in Sources */ = {isa = PBXBuildFile; fileRef = 1B6E9F721C1F9E240089542C /* AppDelegate.swift */; };
		1B6E9F7B1C1F9E240089542C /* MJianshu.xcdatamodeld in Sources */ = {isa = PBXBuildFile; fileRef = 1B6E9F791C1F9E240089542C /* MJianshu.xcdatamodeld */; };
		1B6E9F7D1C1F9E240089542C /* Assets.xcassets in Resources */ = {isa = PBXBuildFile; fileRef = 1B6E9F7C1C1F9E240089542C /* Assets.xcassets */; };
		1B6E9F801C1F9E240089542C /* LaunchScreen.storyboard in Resources */ = {isa = PBXBuildFile; fileRef = 1B6E9F7E1C1F9E240089542C /* LaunchScreen.storyboard */; };
		1B6E9F891C1FABBA0089542C /* MainTabBarController.swift in Sources */ = {isa = PBXBuildFile; fileRef = 1B6E9F881C1FABBA0089542C /* MainTabBarController.swift */; };
		1B6E9F901C1FADAE0089542C /* FollowViewController.swift in Sources */ = {isa = PBXBuildFile; fileRef = 1B6E9F8F1C1FADAE0089542C /* FollowViewController.swift */; };
		1B6E9F941C1FAE1C0089542C /* MyViewController.swift in Sources */ = {isa = PBXBuildFile; fileRef = 1B6E9F931C1FAE1C0089542C /* MyViewController.swift */; };
		1B6E9F961C1FAFE80089542C /* CommonData.swift in Sources */ = {isa = PBXBuildFile; fileRef = 1B6E9F951C1FAFE80089542C /* CommonData.swift */; };
		1B6E9F981C1FB2580089542C /* WriteViewController.swift in Sources */ = {isa = PBXBuildFile; fileRef = 1B6E9F971C1FB2580089542C /* WriteViewController.swift */; };
		1B6E9FA21C1FBB270089542C /* Write.storyboard in Resources */ = {isa = PBXBuildFile; fileRef = 1B6E9FA11C1FBB270089542C /* Write.storyboard */; };
		1BC4F6E81C2D22570018F643 /* ContentTableCell.swift in Sources */ = {isa = PBXBuildFile; fileRef = 1BC4F6E71C2D22570018F643 /* ContentTableCell.swift */; };
		1BD5B4FA1C37DE6C00DD03E1 /* FriendsViewController.swift in Sources */ = {isa = PBXBuildFile; fileRef = 1BD5B4F91C37DE6C00DD03E1 /* FriendsViewController.swift */; };
		1BD5B5041C37E4D900DD03E1 /* FriendsTableDatasourese.swift in Sources */ = {isa = PBXBuildFile; fileRef = 1BD5B5031C37E4D900DD03E1 /* FriendsTableDatasourese.swift */; };
		1BD5B5061C37E6C900DD03E1 /* FriendsViewModel.swift in Sources */ = {isa = PBXBuildFile; fileRef = 1BD5B5051C37E6C900DD03E1 /* FriendsViewModel.swift */; };
		1BF2EFAB1C2E9B0F00AB38FA /* ContentTableModel.swift in Sources */ = {isa = PBXBuildFile; fileRef = 1BF2EFAA1C2E9B0F00AB38FA /* ContentTableModel.swift */; };
		9B4BEFE81C32A5B700827771 /* ContentTableDatasource.swift in Sources */ = {isa = PBXBuildFile; fileRef = 9B4BEFE71C32A5B700827771 /* ContentTableDatasource.swift */; };
		9B4BEFEE1C32AE5300827771 /* BottomScrollViewController.swift in Sources */ = {isa = PBXBuildFile; fileRef = 9B4BEFED1C32AE5300827771 /* BottomScrollViewController.swift */; };
		9B4BEFF01C32AEBC00827771 /* BottomScrollView.swift in Sources */ = {isa = PBXBuildFile; fileRef = 9B4BEFEF1C32AEBC00827771 /* BottomScrollView.swift */; };
		9B4BEFF21C32B58400827771 /* TopScrollViewController.swift in Sources */ = {isa = PBXBuildFile; fileRef = 9B4BEFF11C32B58400827771 /* TopScrollViewController.swift */; };
		9B4BEFF41C32B5A300827771 /* TopScrollView.swift in Sources */ = {isa = PBXBuildFile; fileRef = 9B4BEFF31C32B5A300827771 /* TopScrollView.swift */; };
		9B550E5F1C256DE200217258 /* ContentTableController.swift in Sources */ = {isa = PBXBuildFile; fileRef = 9B550E5C1C256DE200217258 /* ContentTableController.swift */; };
		9B550E601C256DE200217258 /* FindViewController.swift in Sources */ = {isa = PBXBuildFile; fileRef = 9B550E5D1C256DE200217258 /* FindViewController.swift */; };
		9B550E611C256DE200217258 /* ThemeScrollController.swift in Sources */ = {isa = PBXBuildFile; fileRef = 9B550E5E1C256DE200217258 /* ThemeScrollController.swift */; };
		9B550E661C256E2500217258 /* FindView.swift in Sources */ = {isa = PBXBuildFile; fileRef = 9B550E651C256E2500217258 /* FindView.swift */; };
		9B550E691C25740600217258 /* FindViewModel.swift in Sources */ = {isa = PBXBuildFile; fileRef = 9B550E681C25740600217258 /* FindViewModel.swift */; };
		9B550E6B1C2579F700217258 /* ThemeScrollViewModel.swift in Sources */ = {isa = PBXBuildFile; fileRef = 9B550E6A1C2579F700217258 /* ThemeScrollViewModel.swift */; };
		9BDA78991C2479DD00B98981 /* Extension.swift in Sources */ = {isa = PBXBuildFile; fileRef = 9BDA78981C2479DD00B98981 /* Extension.swift */; };
		ABCA94A5F229823DE589927B /* Pods.framework in Frameworks */ = {isa = PBXBuildFile; fileRef = F24043546678E5D4DB0D01AB /* Pods.framework */; };
/* End PBXBuildFile section */

/* Begin PBXFileReference section */
		03589F9F6EDFE73BB3C1C2E3 /* Pods.release.xcconfig */ = {isa = PBXFileReference; includeInIndex = 1; lastKnownFileType = text.xcconfig; name = Pods.release.xcconfig; path = "Pods/Target Support Files/Pods/Pods.release.xcconfig"; sourceTree = "<group>"; };
		1B16C5161C3B5B2C0043C323 /* FriednsDynamicController.swift */ = {isa = PBXFileReference; fileEncoding = 4; lastKnownFileType = sourcecode.swift; path = FriednsDynamicController.swift; sourceTree = "<group>"; };
		1B16C5181C3B5BB50043C323 /* DynamicLineCell.swift */ = {isa = PBXFileReference; fileEncoding = 4; lastKnownFileType = sourcecode.swift; path = DynamicLineCell.swift; sourceTree = "<group>"; };
		1B58279D1C20584200CBEC82 /* Podfile */ = {isa = PBXFileReference; fileEncoding = 4; lastKnownFileType = text; path = Podfile; sourceTree = "<group>"; xcLanguageSpecificationIdentifier = xcode.lang.ruby; };
		1B587EC21C3BC10F0034E116 /* FriendsDynamicDataSourse.swift */ = {isa = PBXFileReference; fileEncoding = 4; lastKnownFileType = sourcecode.swift; path = FriendsDynamicDataSourse.swift; sourceTree = "<group>"; };
		1B6E9F6F1C1F9E240089542C /* MJianshu.app */ = {isa = PBXFileReference; explicitFileType = wrapper.application; includeInIndex = 0; path = MJianshu.app; sourceTree = BUILT_PRODUCTS_DIR; };
		1B6E9F721C1F9E240089542C /* AppDelegate.swift */ = {isa = PBXFileReference; lastKnownFileType = sourcecode.swift; path = AppDelegate.swift; sourceTree = "<group>"; };
		1B6E9F7A1C1F9E240089542C /* MJianshu.xcdatamodel */ = {isa = PBXFileReference; lastKnownFileType = wrapper.xcdatamodel; path = MJianshu.xcdatamodel; sourceTree = "<group>"; };
		1B6E9F7C1C1F9E240089542C /* Assets.xcassets */ = {isa = PBXFileReference; lastKnownFileType = folder.assetcatalog; path = Assets.xcassets; sourceTree = "<group>"; };
		1B6E9F7F1C1F9E240089542C /* Base */ = {isa = PBXFileReference; lastKnownFileType = file.storyboard; name = Base; path = Base.lproj/LaunchScreen.storyboard; sourceTree = "<group>"; };
		1B6E9F811C1F9E240089542C /* Info.plist */ = {isa = PBXFileReference; lastKnownFileType = text.plist.xml; path = Info.plist; sourceTree = "<group>"; };
		1B6E9F881C1FABBA0089542C /* MainTabBarController.swift */ = {isa = PBXFileReference; fileEncoding = 4; lastKnownFileType = sourcecode.swift; path = MainTabBarController.swift; sourceTree = "<group>"; };
		1B6E9F8F1C1FADAE0089542C /* FollowViewController.swift */ = {isa = PBXFileReference; fileEncoding = 4; lastKnownFileType = sourcecode.swift; name = FollowViewController.swift; path = MJianshu/FollowViewController.swift; sourceTree = SOURCE_ROOT; };
		1B6E9F931C1FAE1C0089542C /* MyViewController.swift */ = {isa = PBXFileReference; fileEncoding = 4; lastKnownFileType = sourcecode.swift; name = MyViewController.swift; path = MJianshu/MyViewController.swift; sourceTree = SOURCE_ROOT; };
		1B6E9F951C1FAFE80089542C /* CommonData.swift */ = {isa = PBXFileReference; fileEncoding = 4; lastKnownFileType = sourcecode.swift; path = CommonData.swift; sourceTree = "<group>"; };
		1B6E9F971C1FB2580089542C /* WriteViewController.swift */ = {isa = PBXFileReference; fileEncoding = 4; lastKnownFileType = sourcecode.swift; name = WriteViewController.swift; path = ../../../WriteViewController.swift; sourceTree = "<group>"; };
		1B6E9FA11C1FBB270089542C /* Write.storyboard */ = {isa = PBXFileReference; fileEncoding = 4; lastKnownFileType = file.storyboard; name = Write.storyboard; path = ../../Write.storyboard; sourceTree = "<group>"; };
		1BC4F6E71C2D22570018F643 /* ContentTableCell.swift */ = {isa = PBXFileReference; fileEncoding = 4; lastKnownFileType = sourcecode.swift; path = ContentTableCell.swift; sourceTree = "<group>"; };
		1BD5B4F91C37DE6C00DD03E1 /* FriendsViewController.swift */ = {isa = PBXFileReference; fileEncoding = 4; lastKnownFileType = sourcecode.swift; name = FriendsViewController.swift; path = ../FriendsViewController.swift; sourceTree = "<group>"; };
		1BD5B5031C37E4D900DD03E1 /* FriendsTableDatasourese.swift */ = {isa = PBXFileReference; fileEncoding = 4; lastKnownFileType = sourcecode.swift; path = FriendsTableDatasourese.swift; sourceTree = "<group>"; };
		1BD5B5051C37E6C900DD03E1 /* FriendsViewModel.swift */ = {isa = PBXFileReference; fileEncoding = 4; lastKnownFileType = sourcecode.swift; path = FriendsViewModel.swift; sourceTree = "<group>"; };
		1BF2EFAA1C2E9B0F00AB38FA /* ContentTableModel.swift */ = {isa = PBXFileReference; fileEncoding = 4; lastKnownFileType = sourcecode.swift; path = ContentTableModel.swift; sourceTree = "<group>"; };
		1BF2EFAC1C2EB95800AB38FA /* MJianshu-Bridging-Header.h */ = {isa = PBXFileReference; lastKnownFileType = sourcecode.c.h; path = "MJianshu-Bridging-Header.h"; sourceTree = "<group>"; };
		9B4BEFE71C32A5B700827771 /* ContentTableDatasource.swift */ = {isa = PBXFileReference; fileEncoding = 4; lastKnownFileType = sourcecode.swift; path = ContentTableDatasource.swift; sourceTree = "<group>"; };
		9B4BEFED1C32AE5300827771 /* BottomScrollViewController.swift */ = {isa = PBXFileReference; fileEncoding = 4; lastKnownFileType = sourcecode.swift; path = BottomScrollViewController.swift; sourceTree = "<group>"; };
		9B4BEFEF1C32AEBC00827771 /* BottomScrollView.swift */ = {isa = PBXFileReference; fileEncoding = 4; lastKnownFileType = sourcecode.swift; path = BottomScrollView.swift; sourceTree = "<group>"; };
		9B4BEFF11C32B58400827771 /* TopScrollViewController.swift */ = {isa = PBXFileReference; fileEncoding = 4; lastKnownFileType = sourcecode.swift; path = TopScrollViewController.swift; sourceTree = "<group>"; };
		9B4BEFF31C32B5A300827771 /* TopScrollView.swift */ = {isa = PBXFileReference; fileEncoding = 4; lastKnownFileType = sourcecode.swift; path = TopScrollView.swift; sourceTree = "<group>"; };
		9B550E5C1C256DE200217258 /* ContentTableController.swift */ = {isa = PBXFileReference; fileEncoding = 4; lastKnownFileType = sourcecode.swift; path = ContentTableController.swift; sourceTree = "<group>"; };
		9B550E5D1C256DE200217258 /* FindViewController.swift */ = {isa = PBXFileReference; fileEncoding = 4; lastKnownFileType = sourcecode.swift; path = FindViewController.swift; sourceTree = "<group>"; };
		9B550E5E1C256DE200217258 /* ThemeScrollController.swift */ = {isa = PBXFileReference; fileEncoding = 4; lastKnownFileType = sourcecode.swift; path = ThemeScrollController.swift; sourceTree = "<group>"; };
		9B550E651C256E2500217258 /* FindView.swift */ = {isa = PBXFileReference; fileEncoding = 4; lastKnownFileType = sourcecode.swift; path = FindView.swift; sourceTree = "<group>"; };
		9B550E681C25740600217258 /* FindViewModel.swift */ = {isa = PBXFileReference; fileEncoding = 4; lastKnownFileType = sourcecode.swift; path = FindViewModel.swift; sourceTree = "<group>"; };
		9B550E6A1C2579F700217258 /* ThemeScrollViewModel.swift */ = {isa = PBXFileReference; fileEncoding = 4; lastKnownFileType = sourcecode.swift; path = ThemeScrollViewModel.swift; sourceTree = "<group>"; };
		9BDA78981C2479DD00B98981 /* Extension.swift */ = {isa = PBXFileReference; fileEncoding = 4; lastKnownFileType = sourcecode.swift; path = Extension.swift; sourceTree = "<group>"; };
		AED33F99691306BFD43AE82F /* Pods.debug.xcconfig */ = {isa = PBXFileReference; includeInIndex = 1; lastKnownFileType = text.xcconfig; name = Pods.debug.xcconfig; path = "Pods/Target Support Files/Pods/Pods.debug.xcconfig"; sourceTree = "<group>"; };
		F24043546678E5D4DB0D01AB /* Pods.framework */ = {isa = PBXFileReference; explicitFileType = wrapper.framework; includeInIndex = 0; path = Pods.framework; sourceTree = BUILT_PRODUCTS_DIR; };
/* End PBXFileReference section */

/* Begin PBXFrameworksBuildPhase section */
		1B6E9F6C1C1F9E240089542C /* Frameworks */ = {
			isa = PBXFrameworksBuildPhase;
			buildActionMask = 2147483647;
			files = (
				ABCA94A5F229823DE589927B /* Pods.framework in Frameworks */,
			);
			runOnlyForDeploymentPostprocessing = 0;
		};
/* End PBXFrameworksBuildPhase section */

/* Begin PBXGroup section */
		1B6E9F661C1F9E240089542C = {
			isa = PBXGroup;
			children = (
				1B58279D1C20584200CBEC82 /* Podfile */,
				1B6E9F711C1F9E240089542C /* MJianshu */,
				1B6E9F701C1F9E240089542C /* Products */,
				C6960E6CAFEF103D1914165C /* Pods */,
				E0A9071B82F2448BB2FE4DBE /* Frameworks */,
			);
			sourceTree = "<group>";
		};
		1B6E9F701C1F9E240089542C /* Products */ = {
			isa = PBXGroup;
			children = (
				1B6E9F6F1C1F9E240089542C /* MJianshu.app */,
			);
			name = Products;
			sourceTree = "<group>";
		};
		1B6E9F711C1F9E240089542C /* MJianshu */ = {
			isa = PBXGroup;
			children = (
				1B6E9F721C1F9E240089542C /* AppDelegate.swift */,
				9B550E541C256D6D00217258 /* Find */,
				1BD5B5021C37E0B500DD03E1 /* Follow */,
				1BD5B4FF1C37E03700DD03E1 /* Write */,
				1BD5B4F61C37DDF500DD03E1 /* Friends */,
				1BD5B5011C37E09A00DD03E1 /* My */,
				9BDA78971C2479BC00B98981 /* Extension */,
				1B6E9F871C1FAB740089542C /* Common */,
				1BD96A841C20FB7E00371E4E /* Others */,
			);
			path = MJianshu;
			sourceTree = "<group>";
		};
		1B6E9F871C1FAB740089542C /* Common */ = {
			isa = PBXGroup;
			children = (
				1B6E9F881C1FABBA0089542C /* MainTabBarController.swift */,
				1B6E9F951C1FAFE80089542C /* CommonData.swift */,
			);
			name = Common;
			sourceTree = "<group>";
		};
		1BD5B4F61C37DDF500DD03E1 /* Friends */ = {
			isa = PBXGroup;
			children = (
				1BD5B4FC1C37DFA500DD03E1 /* Model */,
				1BD5B4FE1C37DFB600DD03E1 /* View */,
				1BD5B4FD1C37DFAF00DD03E1 /* Controller */,
			);
			path = Friends;
			sourceTree = "<group>";
		};
		1BD5B4FC1C37DFA500DD03E1 /* Model */ = {
			isa = PBXGroup;
			children = (
				1BD5B5031C37E4D900DD03E1 /* FriendsTableDatasourese.swift */,
				1BD5B5051C37E6C900DD03E1 /* FriendsViewModel.swift */,
				1B587EC21C3BC10F0034E116 /* FriendsDynamicDataSourse.swift */,
			);
			path = Model;
			sourceTree = "<group>";
		};
		1BD5B4FD1C37DFAF00DD03E1 /* Controller */ = {
			isa = PBXGroup;
			children = (
				1BD5B4F91C37DE6C00DD03E1 /* FriendsViewController.swift */,
				1B16C5161C3B5B2C0043C323 /* FriednsDynamicController.swift */,
			);
			path = Controller;
			sourceTree = "<group>";
		};
		1BD5B4FE1C37DFB600DD03E1 /* View */ = {
			isa = PBXGroup;
			children = (
				1B16C5181C3B5BB50043C323 /* DynamicLineCell.swift */,
			);
			path = View;
			sourceTree = "<group>";
		};
		1BD5B4FF1C37E03700DD03E1 /* Write */ = {
			isa = PBXGroup;
			children = (
				1B6E9FA11C1FBB270089542C /* Write.storyboard */,
				1BD5B5001C37E04D00DD03E1 /* Controller */,
			);
			name = Write;
			path = Friends/Write;
			sourceTree = "<group>";
		};
		1BD5B5001C37E04D00DD03E1 /* Controller */ = {
			isa = PBXGroup;
			children = (
				1B6E9F971C1FB2580089542C /* WriteViewController.swift */,
			);
			path = Controller;
			sourceTree = "<group>";
		};
		1BD5B5011C37E09A00DD03E1 /* My */ = {
			isa = PBXGroup;
			children = (
				1B6E9F931C1FAE1C0089542C /* MyViewController.swift */,
			);
			path = My;
			sourceTree = "<group>";
		};
		1BD5B5021C37E0B500DD03E1 /* Follow */ = {
			isa = PBXGroup;
			children = (
				1B6E9F8F1C1FADAE0089542C /* FollowViewController.swift */,
			);
			path = Follow;
			sourceTree = "<group>";
		};
		1BD96A841C20FB7E00371E4E /* Others */ = {
			isa = PBXGroup;
			children = (
				1B6E9F7C1C1F9E240089542C /* Assets.xcassets */,
				1B6E9F791C1F9E240089542C /* MJianshu.xcdatamodeld */,
				1BF2EFAC1C2EB95800AB38FA /* MJianshu-Bridging-Header.h */,
				1B6E9F811C1F9E240089542C /* Info.plist */,
				1B6E9F7E1C1F9E240089542C /* LaunchScreen.storyboard */,
			);
			name = Others;
			sourceTree = "<group>";
		};
		9B550E541C256D6D00217258 /* Find */ = {
			isa = PBXGroup;
			children = (
				9B550E671C2573B900217258 /* Model */,
				9B550E621C256DF500217258 /* View */,
				9B550E5B1C256DE200217258 /* Controller */,
			);
			path = Find;
			sourceTree = "<group>";
		};
		9B550E5B1C256DE200217258 /* Controller */ = {
			isa = PBXGroup;
			children = (
				9B550E5D1C256DE200217258 /* FindViewController.swift */,
				9B550E5E1C256DE200217258 /* ThemeScrollController.swift */,
				9B4BEFF11C32B58400827771 /* TopScrollViewController.swift */,
				9B4BEFED1C32AE5300827771 /* BottomScrollViewController.swift */,
				9B550E5C1C256DE200217258 /* ContentTableController.swift */,
			);
			path = Controller;
			sourceTree = "<group>";
		};
		9B550E621C256DF500217258 /* View */ = {
			isa = PBXGroup;
			children = (
				9B550E651C256E2500217258 /* FindView.swift */,
				9B4BEFF31C32B5A300827771 /* TopScrollView.swift */,
				9B4BEFEF1C32AEBC00827771 /* BottomScrollView.swift */,
				1BC4F6E71C2D22570018F643 /* ContentTableCell.swift */,
			);
			path = View;
			sourceTree = "<group>";
		};
		9B550E671C2573B900217258 /* Model */ = {
			isa = PBXGroup;
			children = (
				9B550E681C25740600217258 /* FindViewModel.swift */,
				9B550E6A1C2579F700217258 /* ThemeScrollViewModel.swift */,
				1BF2EFAA1C2E9B0F00AB38FA /* ContentTableModel.swift */,
				9B4BEFE71C32A5B700827771 /* ContentTableDatasource.swift */,
			);
			name = Model;
			path = Mode;
			sourceTree = "<group>";
		};
		9BDA78971C2479BC00B98981 /* Extension */ = {
			isa = PBXGroup;
			children = (
				9BDA78981C2479DD00B98981 /* Extension.swift */,
			);
			path = Extension;
			sourceTree = "<group>";
		};
		C6960E6CAFEF103D1914165C /* Pods */ = {
			isa = PBXGroup;
			children = (
				AED33F99691306BFD43AE82F /* Pods.debug.xcconfig */,
				03589F9F6EDFE73BB3C1C2E3 /* Pods.release.xcconfig */,
			);
			name = Pods;
			sourceTree = "<group>";
		};
		E0A9071B82F2448BB2FE4DBE /* Frameworks */ = {
			isa = PBXGroup;
			children = (
				F24043546678E5D4DB0D01AB /* Pods.framework */,
			);
			name = Frameworks;
			sourceTree = "<group>";
		};
/* End PBXGroup section */

/* Begin PBXNativeTarget section */
		1B6E9F6E1C1F9E240089542C /* MJianshu */ = {
			isa = PBXNativeTarget;
			buildConfigurationList = 1B6E9F841C1F9E240089542C /* Build configuration list for PBXNativeTarget "MJianshu" */;
			buildPhases = (
				1501BD7BEBF5266663208886 /* Check Pods Manifest.lock */,
				1B6E9F6B1C1F9E240089542C /* Sources */,
				1B6E9F6C1C1F9E240089542C /* Frameworks */,
				1B6E9F6D1C1F9E240089542C /* Resources */,
				DE0C9E5892E05C26DF3E23ED /* Embed Pods Frameworks */,
				F7A61228BBBE296E4BC58FEE /* Copy Pods Resources */,
			);
			buildRules = (
			);
			dependencies = (
			);
			name = MJianshu;
			productName = MJianshu;
			productReference = 1B6E9F6F1C1F9E240089542C /* MJianshu.app */;
			productType = "com.apple.product-type.application";
		};
/* End PBXNativeTarget section */

/* Begin PBXProject section */
		1B6E9F671C1F9E240089542C /* Project object */ = {
			isa = PBXProject;
			attributes = {
				LastSwiftUpdateCheck = 0720;
				LastUpgradeCheck = 0710;
				ORGANIZATIONNAME = Martin;
				TargetAttributes = {
					1B6E9F6E1C1F9E240089542C = {
						CreatedOnToolsVersion = 7.1.1;
						DevelopmentTeam = 9YJM37DPL5;
					};
				};
			};
			buildConfigurationList = 1B6E9F6A1C1F9E240089542C /* Build configuration list for PBXProject "MJianshu" */;
			compatibilityVersion = "Xcode 3.2";
			developmentRegion = English;
			hasScannedForEncodings = 0;
			knownRegions = (
				en,
				Base,
			);
			mainGroup = 1B6E9F661C1F9E240089542C;
			productRefGroup = 1B6E9F701C1F9E240089542C /* Products */;
			projectDirPath = "";
			projectRoot = "";
			targets = (
				1B6E9F6E1C1F9E240089542C /* MJianshu */,
			);
		};
/* End PBXProject section */

/* Begin PBXResourcesBuildPhase section */
		1B6E9F6D1C1F9E240089542C /* Resources */ = {
			isa = PBXResourcesBuildPhase;
			buildActionMask = 2147483647;
			files = (
				1B6E9F801C1F9E240089542C /* LaunchScreen.storyboard in Resources */,
				1B6E9F7D1C1F9E240089542C /* Assets.xcassets in Resources */,
				1B58279E1C20584200CBEC82 /* Podfile in Resources */,
				1B6E9FA21C1FBB270089542C /* Write.storyboard in Resources */,
			);
			runOnlyForDeploymentPostprocessing = 0;
		};
/* End PBXResourcesBuildPhase section */

/* Begin PBXShellScriptBuildPhase section */
		1501BD7BEBF5266663208886 /* Check Pods Manifest.lock */ = {
			isa = PBXShellScriptBuildPhase;
			buildActionMask = 2147483647;
			files = (
			);
			inputPaths = (
			);
			name = "Check Pods Manifest.lock";
			outputPaths = (
			);
			runOnlyForDeploymentPostprocessing = 0;
			shellPath = /bin/sh;
			shellScript = "diff \"${PODS_ROOT}/../Podfile.lock\" \"${PODS_ROOT}/Manifest.lock\" > /dev/null\nif [[ $? != 0 ]] ; then\n    cat << EOM\nerror: The sandbox is not in sync with the Podfile.lock. Run 'pod install' or update your CocoaPods installation.\nEOM\n    exit 1\nfi\n";
			showEnvVarsInLog = 0;
		};
		DE0C9E5892E05C26DF3E23ED /* Embed Pods Frameworks */ = {
			isa = PBXShellScriptBuildPhase;
			buildActionMask = 2147483647;
			files = (
			);
			inputPaths = (
			);
			name = "Embed Pods Frameworks";
			outputPaths = (
			);
			runOnlyForDeploymentPostprocessing = 0;
			shellPath = /bin/sh;
			shellScript = "\"${SRCROOT}/Pods/Target Support Files/Pods/Pods-frameworks.sh\"\n";
			showEnvVarsInLog = 0;
		};
		F7A61228BBBE296E4BC58FEE /* Copy Pods Resources */ = {
			isa = PBXShellScriptBuildPhase;
			buildActionMask = 2147483647;
			files = (
			);
			inputPaths = (
			);
			name = "Copy Pods Resources";
			outputPaths = (
			);
			runOnlyForDeploymentPostprocessing = 0;
			shellPath = /bin/sh;
			shellScript = "\"${SRCROOT}/Pods/Target Support Files/Pods/Pods-resources.sh\"\n";
			showEnvVarsInLog = 0;
		};
/* End PBXShellScriptBuildPhase section */

/* Begin PBXSourcesBuildPhase section */
		1B6E9F6B1C1F9E240089542C /* Sources */ = {
			isa = PBXSourcesBuildPhase;
			buildActionMask = 2147483647;
			files = (
				1B6E9F981C1FB2580089542C /* WriteViewController.swift in Sources */,
				9B550E6B1C2579F700217258 /* ThemeScrollViewModel.swift in Sources */,
				1B6E9F7B1C1F9E240089542C /* MJianshu.xcdatamodeld in Sources */,
				9B550E661C256E2500217258 /* FindView.swift in Sources */,
				9B550E5F1C256DE200217258 /* ContentTableController.swift in Sources */,
				1B6E9F731C1F9E240089542C /* AppDelegate.swift in Sources */,
				1B6E9F901C1FADAE0089542C /* FollowViewController.swift in Sources */,
				1B6E9F941C1FAE1C0089542C /* MyViewController.swift in Sources */,
				1BD5B5061C37E6C900DD03E1 /* FriendsViewModel.swift in Sources */,
				9B4BEFF41C32B5A300827771 /* TopScrollView.swift in Sources */,
				1B6E9F891C1FABBA0089542C /* MainTabBarController.swift in Sources */,
				9B550E601C256DE200217258 /* FindViewController.swift in Sources */,
				9B550E691C25740600217258 /* FindViewModel.swift in Sources */,
				1BF2EFAB1C2E9B0F00AB38FA /* ContentTableModel.swift in Sources */,
				1B587EC31C3BC10F0034E116 /* FriendsDynamicDataSourse.swift in Sources */,
				9B550E611C256DE200217258 /* ThemeScrollController.swift in Sources */,
				1B16C5191C3B5BB50043C323 /* DynamicLineCell.swift in Sources */,
				1BC4F6E81C2D22570018F643 /* ContentTableCell.swift in Sources */,
				1BD5B4FA1C37DE6C00DD03E1 /* FriendsViewController.swift in Sources */,
				1BD5B5041C37E4D900DD03E1 /* FriendsTableDatasourese.swift in Sources */,
				9B4BEFF21C32B58400827771 /* TopScrollViewController.swift in Sources */,
				9B4BEFEE1C32AE5300827771 /* BottomScrollViewController.swift in Sources */,
				9B4BEFF01C32AEBC00827771 /* BottomScrollView.swift in Sources */,
				9B4BEFE81C32A5B700827771 /* ContentTableDatasource.swift in Sources */,
				1B16C5171C3B5B2C0043C323 /* FriednsDynamicController.swift in Sources */,
				9BDA78991C2479DD00B98981 /* Extension.swift in Sources */,
				1B6E9F961C1FAFE80089542C /* CommonData.swift in Sources */,
			);
			runOnlyForDeploymentPostprocessing = 0;
		};
/* End PBXSourcesBuildPhase section */

/* Begin PBXVariantGroup section */
		1B6E9F7E1C1F9E240089542C /* LaunchScreen.storyboard */ = {
			isa = PBXVariantGroup;
			children = (
				1B6E9F7F1C1F9E240089542C /* Base */,
			);
			name = LaunchScreen.storyboard;
			sourceTree = "<group>";
		};
/* End PBXVariantGroup section */

/* Begin XCBuildConfiguration section */
		1B6E9F821C1F9E240089542C /* Debug */ = {
			isa = XCBuildConfiguration;
			buildSettings = {
				ALWAYS_SEARCH_USER_PATHS = NO;
				CLANG_CXX_LANGUAGE_STANDARD = "gnu++0x";
				CLANG_CXX_LIBRARY = "libc++";
				CLANG_ENABLE_MODULES = YES;
				CLANG_ENABLE_OBJC_ARC = YES;
				CLANG_WARN_BOOL_CONVERSION = YES;
				CLANG_WARN_CONSTANT_CONVERSION = YES;
				CLANG_WARN_DIRECT_OBJC_ISA_USAGE = YES_ERROR;
				CLANG_WARN_EMPTY_BODY = YES;
				CLANG_WARN_ENUM_CONVERSION = YES;
				CLANG_WARN_INT_CONVERSION = YES;
				CLANG_WARN_OBJC_ROOT_CLASS = YES_ERROR;
				CLANG_WARN_UNREACHABLE_CODE = YES;
				CLANG_WARN__DUPLICATE_METHOD_MATCH = YES;
				"CODE_SIGN_IDENTITY[sdk=iphoneos*]" = "iPhone Developer";
				COPY_PHASE_STRIP = NO;
				DEBUG_INFORMATION_FORMAT = dwarf;
				ENABLE_STRICT_OBJC_MSGSEND = YES;
				ENABLE_TESTABILITY = YES;
				GCC_C_LANGUAGE_STANDARD = gnu99;
				GCC_DYNAMIC_NO_PIC = NO;
				GCC_NO_COMMON_BLOCKS = YES;
				GCC_OPTIMIZATION_LEVEL = 0;
				GCC_PREPROCESSOR_DEFINITIONS = (
					"DEBUG=1",
					"$(inherited)",
				);
				GCC_WARN_64_TO_32_BIT_CONVERSION = YES;
				GCC_WARN_ABOUT_RETURN_TYPE = YES_ERROR;
				GCC_WARN_UNDECLARED_SELECTOR = YES;
				GCC_WARN_UNINITIALIZED_AUTOS = YES_AGGRESSIVE;
				GCC_WARN_UNUSED_FUNCTION = YES;
				GCC_WARN_UNUSED_VARIABLE = YES;
				IPHONEOS_DEPLOYMENT_TARGET = 9.1;
				MTL_ENABLE_DEBUG_INFO = YES;
				ONLY_ACTIVE_ARCH = YES;
				SDKROOT = iphoneos;
				SWIFT_OPTIMIZATION_LEVEL = "-Onone";
			};
			name = Debug;
		};
		1B6E9F831C1F9E240089542C /* Release */ = {
			isa = XCBuildConfiguration;
			buildSettings = {
				ALWAYS_SEARCH_USER_PATHS = NO;
				CLANG_CXX_LANGUAGE_STANDARD = "gnu++0x";
				CLANG_CXX_LIBRARY = "libc++";
				CLANG_ENABLE_MODULES = YES;
				CLANG_ENABLE_OBJC_ARC = YES;
				CLANG_WARN_BOOL_CONVERSION = YES;
				CLANG_WARN_CONSTANT_CONVERSION = YES;
				CLANG_WARN_DIRECT_OBJC_ISA_USAGE = YES_ERROR;
				CLANG_WARN_EMPTY_BODY = YES;
				CLANG_WARN_ENUM_CONVERSION = YES;
				CLANG_WARN_INT_CONVERSION = YES;
				CLANG_WARN_OBJC_ROOT_CLASS = YES_ERROR;
				CLANG_WARN_UNREACHABLE_CODE = YES;
				CLANG_WARN__DUPLICATE_METHOD_MATCH = YES;
				"CODE_SIGN_IDENTITY[sdk=iphoneos*]" = "iPhone Developer";
				COPY_PHASE_STRIP = NO;
				DEBUG_INFORMATION_FORMAT = "dwarf-with-dsym";
				ENABLE_NS_ASSERTIONS = NO;
				ENABLE_STRICT_OBJC_MSGSEND = YES;
				GCC_C_LANGUAGE_STANDARD = gnu99;
				GCC_NO_COMMON_BLOCKS = YES;
				GCC_WARN_64_TO_32_BIT_CONVERSION = YES;
				GCC_WARN_ABOUT_RETURN_TYPE = YES_ERROR;
				GCC_WARN_UNDECLARED_SELECTOR = YES;
				GCC_WARN_UNINITIALIZED_AUTOS = YES_AGGRESSIVE;
				GCC_WARN_UNUSED_FUNCTION = YES;
				GCC_WARN_UNUSED_VARIABLE = YES;
				IPHONEOS_DEPLOYMENT_TARGET = 9.1;
				MTL_ENABLE_DEBUG_INFO = NO;
				SDKROOT = iphoneos;
				VALIDATE_PRODUCT = YES;
			};
			name = Release;
		};
		1B6E9F851C1F9E240089542C /* Debug */ = {
			isa = XCBuildConfiguration;
			baseConfigurationReference = AED33F99691306BFD43AE82F /* Pods.debug.xcconfig */;
			buildSettings = {
				ASSETCATALOG_COMPILER_APPICON_NAME = AppIcon;
				ASSETCATALOG_COMPILER_LAUNCHIMAGE_NAME = LaunchImage;
				CLANG_ENABLE_MODULES = YES;
				CODE_SIGN_IDENTITY = "iPhone Developer";
				"CODE_SIGN_IDENTITY[sdk=iphoneos*]" = "iPhone Developer";
				ENABLE_BITCODE = NO;
				INFOPLIST_FILE = MJianshu/Info.plist;
				IPHONEOS_DEPLOYMENT_TARGET = 8.0;
				LD_RUNPATH_SEARCH_PATHS = "$(inherited) @executable_path/Frameworks";
				PRODUCT_BUNDLE_IDENTIFIER = com.handsome.MJianshu;
				PRODUCT_NAME = "$(TARGET_NAME)";
				PROVISIONING_PROFILE = "";
				SWIFT_OBJC_BRIDGING_HEADER = "MJianshu/MJianshu-Bridging-Header.h";
				SWIFT_OPTIMIZATION_LEVEL = "-Onone";
				TARGETED_DEVICE_FAMILY = "1,2";
			};
			name = Debug;
		};
		1B6E9F861C1F9E240089542C /* Release */ = {
			isa = XCBuildConfiguration;
			baseConfigurationReference = 03589F9F6EDFE73BB3C1C2E3 /* Pods.release.xcconfig */;
			buildSettings = {
				ASSETCATALOG_COMPILER_APPICON_NAME = AppIcon;
				ASSETCATALOG_COMPILER_LAUNCHIMAGE_NAME = LaunchImage;
				CLANG_ENABLE_MODULES = YES;
				CODE_SIGN_IDENTITY = "iPhone Developer";
				"CODE_SIGN_IDENTITY[sdk=iphoneos*]" = "iPhone Developer";
				ENABLE_BITCODE = NO;
				INFOPLIST_FILE = MJianshu/Info.plist;
				IPHONEOS_DEPLOYMENT_TARGET = 8.0;
				LD_RUNPATH_SEARCH_PATHS = "$(inherited) @executable_path/Frameworks";
				PRODUCT_BUNDLE_IDENTIFIER = com.handsome.MJianshu;
				PRODUCT_NAME = "$(TARGET_NAME)";
				PROVISIONING_PROFILE = "";
				SWIFT_OBJC_BRIDGING_HEADER = "MJianshu/MJianshu-Bridging-Header.h";
				TARGETED_DEVICE_FAMILY = "1,2";
			};
			name = Release;
		};
/* End XCBuildConfiguration section */

/* Begin XCConfigurationList section */
		1B6E9F6A1C1F9E240089542C /* Build configuration list for PBXProject "MJianshu" */ = {
			isa = XCConfigurationList;
			buildConfigurations = (
				1B6E9F821C1F9E240089542C /* Debug */,
				1B6E9F831C1F9E240089542C /* Release */,
			);
			defaultConfigurationIsVisible = 0;
			defaultConfigurationName = Release;
		};
		1B6E9F841C1F9E240089542C /* Build configuration list for PBXNativeTarget "MJianshu" */ = {
			isa = XCConfigurationList;
			buildConfigurations = (
				1B6E9F851C1F9E240089542C /* Debug */,
				1B6E9F861C1F9E240089542C /* Release */,
			);
			defaultConfigurationIsVisible = 0;
			defaultConfigurationName = Release;
		};
/* End XCConfigurationList section */

/* Begin XCVersionGroup section */
		1B6E9F791C1F9E240089542C /* MJianshu.xcdatamodeld */ = {
			isa = XCVersionGroup;
			children = (
				1B6E9F7A1C1F9E240089542C /* MJianshu.xcdatamodel */,
			);
			currentVersion = 1B6E9F7A1C1F9E240089542C /* MJianshu.xcdatamodel */;
			path = MJianshu.xcdatamodeld;
			sourceTree = "<group>";
			versionGroupType = wrapper.xcdatamodel;
		};
/* End XCVersionGroup section */
	};
	rootObject = 1B6E9F671C1F9E240089542C /* Project object */;
}
