PODS:
  - AVOSCloud (3.1.3.6)
  - Kingfisher (1.8.5)
  - MJExtension (3.0.8)
  - MJRefresh (3.0.8)
  - SnapKit (0.17.0)

DEPENDENCIES:
  - AVOSCloud (~> 3.1.3.6)
  - Kingfisher (~> 1.8)
  - MJExtension
  - MJRefresh
  - SnapKit (~> 0.17.0)

SPEC CHECKSUMS:
  AVOSCloud: a7aa880f15d0c26e6b1d3154459c8b32e96d91ce
  Kingfisher: 780fed0fa82692a3bd59d53329ae2b85cdd354a5
  MJExtension: 12d2875959b4a0f936ae86b22a1eb6b0251c50ba
  MJRefresh: fafde8f18f4afd66b434331a9beb67a6c0264056
  SnapKit: 49fd7b1b3ff58ab4064004036b8afcfddbd3a4bd

COCOAPODS: 0.39.0
